
Microsoft Visual Studio Solution File, Format Version 12.00
Project("{FAE04EC0-301F-11D3-BF4B-00C04F79EFBC}") = "facilityhub", "facilityhub\facilityhub.csproj", "{0C39331A-5F8D-4A2C-8E85-176A8AE7ADFA}"
EndProject
Global
	GlobalSection(SolutionConfigurationPlatforms) = preSolution
		Debug|Any CPU = Debug|Any CPU
		Release|Any CPU = Release|Any CPU
	EndGlobalSection
	GlobalSection(ProjectConfigurationPlatforms) = postSolution
		{0C39331A-5F8D-4A2C-8E85-176A8AE7ADFA}.Debug|Any CPU.ActiveCfg = Debug|Any CPU
		{0C39331A-5F8D-4A2C-8E85-176A8AE7ADFA}.Debug|Any CPU.Build.0 = Debug|Any CPU
		{0C39331A-5F8D-4A2C-8E85-176A8AE7ADFA}.Release|Any CPU.ActiveCfg = Release|Any CPU
		{0C39331A-5F8D-4A2C-8E85-176A8AE7ADFA}.Release|Any CPU.Build.0 = Release|Any CPU
	EndGlobalSection
EndGlobal
